
Microsoft Visual Studio Solution File, Format Version 12.00
# Visual Studio Version 16
VisualStudioVersion = 16.0.30503.244
MinimumVisualStudioVersion = 10.0.40219.1
Project("{FAE04EC0-301F-11D3-BF4B-00C04F79EFBC}") = "HAML2ERP_Batch", "HAML2ERP_Batch\HAML2ERP_Batch.csproj", "{16FD26A0-5998-4EAF-8BB7-29FA5B37EB5B}"
EndProject
Global
	GlobalSection(SolutionConfigurationPlatforms) = preSolution
		Debug|Any CPU = Debug|Any CPU
		Release|Any CPU = Release|Any CPU
	EndGlobalSection
	GlobalSection(ProjectConfigurationPlatforms) = postSolution
		{16FD26A0-5998-4EAF-8BB7-29FA5B37EB5B}.Debug|Any CPU.ActiveCfg = Debug|Any CPU
		{16FD26A0-5998-4EAF-8BB7-29FA5B37EB5B}.Debug|Any CPU.Build.0 = Debug|Any CPU
		{16FD26A0-5998-4EAF-8BB7-29FA5B37EB5B}.Release|Any CPU.ActiveCfg = Release|Any CPU
		{16FD26A0-5998-4EAF-8BB7-29FA5B37EB5B}.Release|Any CPU.Build.0 = Release|Any CPU
	EndGlobalSection
	GlobalSection(SolutionProperties) = preSolution
		HideSolutionNode = FALSE
	EndGlobalSection
	GlobalSection(ExtensibilityGlobals) = postSolution
		SolutionGuid = {38886884-0E2E-42DC-80E4-6C9C05DE944C}
	EndGlobalSection
EndGlobal
